
Microsoft Visual Studio Solution File, Format Version 12.00
# Visual Studio 2013
VisualStudioVersion = 12.0.31101.0
MinimumVisualStudioVersion = 10.0.40219.1
Project("{8BC9CEB8-8B4A-11D0-8D11-00A0C91BC942}") = "FSM", "FSM\FSM.vcxproj", "{9FFEE779-5842-48F6-A60F-E274D638CDA4}"
EndProject
Project("{8BC9CEB8-8B4A-11D0-8D11-00A0C91BC942}") = "AStar", "AStar\AStar.vcxproj", "{592A0CB7-4197-446D-B3EC-B255A84457DD}"
EndProject
Project("{8BC9CEB8-8B4A-11D0-8D11-00A0C91BC942}") = "Pathfinding", "Pathfinding\Pathfinding.vcxproj", "{442AB59C-DE7C-47B6-A34C-11E58C2846F2}"
EndProject
Global
	GlobalSection(SolutionConfigurationPlatforms) = preSolution
		Debug|Win32 = Debug|Win32
		Release|Win32 = Release|Win32
	EndGlobalSection
	GlobalSection(ProjectConfigurationPlatforms) = postSolution
		{9FFEE779-5842-48F6-A60F-E274D638CDA4}.Debug|Win32.ActiveCfg = Debug|Win32
		{9FFEE779-5842-48F6-A60F-E274D638CDA4}.Debug|Win32.Build.0 = Debug|Win32
		{9FFEE779-5842-48F6-A60F-E274D638CDA4}.Release|Win32.ActiveCfg = Release|Win32
		{9FFEE779-5842-48F6-A60F-E274D638CDA4}.Release|Win32.Build.0 = Release|Win32
		{592A0CB7-4197-446D-B3EC-B255A84457DD}.Debug|Win32.ActiveCfg = Debug|Win32
		{592A0CB7-4197-446D-B3EC-B255A84457DD}.Debug|Win32.Build.0 = Debug|Win32
		{592A0CB7-4197-446D-B3EC-B255A84457DD}.Release|Win32.ActiveCfg = Release|Win32
		{592A0CB7-4197-446D-B3EC-B255A84457DD}.Release|Win32.Build.0 = Release|Win32
		{442AB59C-DE7C-47B6-A34C-11E58C2846F2}.Debug|Win32.ActiveCfg = Debug|Win32
		{442AB59C-DE7C-47B6-A34C-11E58C2846F2}.Debug|Win32.Build.0 = Debug|Win32
		{442AB59C-DE7C-47B6-A34C-11E58C2846F2}.Release|Win32.ActiveCfg = Release|Win32
		{442AB59C-DE7C-47B6-A34C-11E58C2846F2}.Release|Win32.Build.0 = Release|Win32
	EndGlobalSection
	GlobalSection(SolutionProperties) = preSolution
		HideSolutionNode = FALSE
	EndGlobalSection
EndGlobal
